
Microsoft Visual Studio Solution File, Format Version 12.00
# Visual Studio Version 16
VisualStudioVersion = 16.0.33529.622
MinimumVisualStudioVersion = 10.0.40219.1
Project("{9A19103F-16F7-4668-BE54-9A1E7A4F7556}") = "ftrip.io.framework-playground", "ftrip.io.framework-playground\ftrip.io.framework-playground.csproj", "{DED7768E-2C55-4041-AF0B-7F2441F336E3}"
EndProject
Project("{9A19103F-16F7-4668-BE54-9A1E7A4F7556}") = "ftrip.io.framework-playground.contracts", "ftrip.io.framework-playground.contracts\ftrip.io.framework-playground.contracts.csproj", "{1A73C294-47AC-4D9A-8846-E7A9BB60124A}"
EndProject
Project("{9A19103F-16F7-4668-BE54-9A1E7A4F7556}") = "ftrip.io.framework-playground.unit-tests", "ftrip.io.framework-playground.unit-tests\ftrip.io.framework-playground.unit-tests.csproj", "{37D14EDB-CA2F-49CD-8788-4C49BEC59B4D}"
EndProject
Project("{FAE04EC0-301F-11D3-BF4B-00C04F79EFBC}") = "ftrip.io.framework-playground.integration-tests", "ftrip.io.framework-playground.integration-tests\ftrip.io.framework-playground.integration-tests.csproj", "{27F96918-C3F9-4E8A-ACE4-C0D0DABA750C}"
EndProject
Global
	GlobalSection(SolutionConfigurationPlatforms) = preSolution
		Debug|Any CPU = Debug|Any CPU
		Release|Any CPU = Release|Any CPU
	EndGlobalSection
	GlobalSection(ProjectConfigurationPlatforms) = postSolution
		{DED7768E-2C55-4041-AF0B-7F2441F336E3}.Debug|Any CPU.ActiveCfg = Debug|Any CPU
		{DED7768E-2C55-4041-AF0B-7F2441F336E3}.Debug|Any CPU.Build.0 = Debug|Any CPU
		{DED7768E-2C55-4041-AF0B-7F2441F336E3}.Release|Any CPU.ActiveCfg = Release|Any CPU
		{DED7768E-2C55-4041-AF0B-7F2441F336E3}.Release|Any CPU.Build.0 = Release|Any CPU
		{1A73C294-47AC-4D9A-8846-E7A9BB60124A}.Debug|Any CPU.ActiveCfg = Debug|Any CPU
		{1A73C294-47AC-4D9A-8846-E7A9BB60124A}.Debug|Any CPU.Build.0 = Debug|Any CPU
		{1A73C294-47AC-4D9A-8846-E7A9BB60124A}.Release|Any CPU.ActiveCfg = Release|Any CPU
		{1A73C294-47AC-4D9A-8846-E7A9BB60124A}.Release|Any CPU.Build.0 = Release|Any CPU
		{37D14EDB-CA2F-49CD-8788-4C49BEC59B4D}.Debug|Any CPU.ActiveCfg = Debug|Any CPU
		{37D14EDB-CA2F-49CD-8788-4C49BEC59B4D}.Debug|Any CPU.Build.0 = Debug|Any CPU
		{37D14EDB-CA2F-49CD-8788-4C49BEC59B4D}.Release|Any CPU.ActiveCfg = Release|Any CPU
		{37D14EDB-CA2F-49CD-8788-4C49BEC59B4D}.Release|Any CPU.Build.0 = Release|Any CPU
		{27F96918-C3F9-4E8A-ACE4-C0D0DABA750C}.Debug|Any CPU.ActiveCfg = Debug|Any CPU
		{27F96918-C3F9-4E8A-ACE4-C0D0DABA750C}.Debug|Any CPU.Build.0 = Debug|Any CPU
		{27F96918-C3F9-4E8A-ACE4-C0D0DABA750C}.Release|Any CPU.ActiveCfg = Release|Any CPU
		{27F96918-C3F9-4E8A-ACE4-C0D0DABA750C}.Release|Any CPU.Build.0 = Release|Any CPU
	EndGlobalSection
	GlobalSection(SolutionProperties) = preSolution
		HideSolutionNode = FALSE
	EndGlobalSection
	GlobalSection(ExtensibilityGlobals) = postSolution
		SolutionGuid = {79534EB3-C80D-461B-B6F7-EC7B08899A0B}
	EndGlobalSection
EndGlobal
